// !$*UTF8*$!
{
	archiveVersion = 1;
	classes = {
	};
	objectVersion = 50;
	objects = {

/* Begin PBXBuildFile section */
		3996F9CFCC8A6D1F08AEE660 /* Pods_WeatherAppTests.framework in Frameworks */ = {isa = PBXBuildFile; fileRef = BD164779FE279D378F3477EF /* Pods_WeatherAppTests.framework */; };
		906BF4EA2562C3E2003D5DC6 /* AppDelegate.swift in Sources */ = {isa = PBXBuildFile; fileRef = 906BF4E92562C3E2003D5DC6 /* AppDelegate.swift */; };
		906BF4EE2562C3E2003D5DC6 /* WeatherListViewController.swift in Sources */ = {isa = PBXBuildFile; fileRef = 906BF4ED2562C3E2003D5DC6 /* WeatherListViewController.swift */; };
		906BF4F12562C3E2003D5DC6 /* Main.storyboard in Resources */ = {isa = PBXBuildFile; fileRef = 906BF4EF2562C3E2003D5DC6 /* Main.storyboard */; };
		906BF4F32562C3E3003D5DC6 /* Assets.xcassets in Resources */ = {isa = PBXBuildFile; fileRef = 906BF4F22562C3E3003D5DC6 /* Assets.xcassets */; };
		906BF4F62562C3E3003D5DC6 /* LaunchScreen.storyboard in Resources */ = {isa = PBXBuildFile; fileRef = 906BF4F42562C3E3003D5DC6 /* LaunchScreen.storyboard */; };
		906BF5012562C3E3003D5DC6 /* WeatherAppTests.swift in Sources */ = {isa = PBXBuildFile; fileRef = 906BF5002562C3E3003D5DC6 /* WeatherAppTests.swift */; };
		906BF5322562C560003D5DC6 /* NetworkManager.swift in Sources */ = {isa = PBXBuildFile; fileRef = 906BF52F2562C560003D5DC6 /* NetworkManager.swift */; };
		906BF5332562C560003D5DC6 /* AppEndPoint.swift in Sources */ = {isa = PBXBuildFile; fileRef = 906BF5312562C560003D5DC6 /* AppEndPoint.swift */; };
		906BF5382562C593003D5DC6 /* AppKeys.swift in Sources */ = {isa = PBXBuildFile; fileRef = 906BF5372562C593003D5DC6 /* AppKeys.swift */; };
		906BF54B2562CC7A003D5DC6 /* SelectLocationViewController.swift in Sources */ = {isa = PBXBuildFile; fileRef = 906BF54A2562CC7A003D5DC6 /* SelectLocationViewController.swift */; };
		906BF56B2562CD60003D5DC6 /* NSObject+Extensions.swift in Sources */ = {isa = PBXBuildFile; fileRef = 906BF56A2562CD60003D5DC6 /* NSObject+Extensions.swift */; };
		906BF57E2562E6D2003D5DC6 /* MapPin.swift in Sources */ = {isa = PBXBuildFile; fileRef = 906BF57D2562E6D2003D5DC6 /* MapPin.swift */; };
		906BF5882562F2B6003D5DC6 /* LocationTableViewCell.swift in Sources */ = {isa = PBXBuildFile; fileRef = 906BF5862562F2B6003D5DC6 /* LocationTableViewCell.swift */; };
		906BF5892562F2B6003D5DC6 /* LocationTableViewCell.xib in Resources */ = {isa = PBXBuildFile; fileRef = 906BF5872562F2B6003D5DC6 /* LocationTableViewCell.xib */; };
		906BF58E2562F2DD003D5DC6 /* UITableView+Operations.swift in Sources */ = {isa = PBXBuildFile; fileRef = 906BF58C2562F2DD003D5DC6 /* UITableView+Operations.swift */; };
		906BF58F2562F2DD003D5DC6 /* UITableViewCell+Extension.swift in Sources */ = {isa = PBXBuildFile; fileRef = 906BF58D2562F2DD003D5DC6 /* UITableViewCell+Extension.swift */; };
		906BF5932562F2F5003D5DC6 /* UITableViewHeader+Extension.swift in Sources */ = {isa = PBXBuildFile; fileRef = 906BF5922562F2F5003D5DC6 /* UITableViewHeader+Extension.swift */; };
		906BF5972562F666003D5DC6 /* UIView+Extension.swift in Sources */ = {isa = PBXBuildFile; fileRef = 906BF5962562F666003D5DC6 /* UIView+Extension.swift */; };
		906BF59B2562FA41003D5DC6 /* Extension+String.swift in Sources */ = {isa = PBXBuildFile; fileRef = 906BF59A2562FA41003D5DC6 /* Extension+String.swift */; };
		B8E36822C59C3B105E0AF028 /* Pods_WeatherApp.framework in Frameworks */ = {isa = PBXBuildFile; fileRef = 3F5E524AE2A9BC053E303185 /* Pods_WeatherApp.framework */; };
/* End PBXBuildFile section */

/* Begin PBXContainerItemProxy section */
		906BF4FD2562C3E3003D5DC6 /* PBXContainerItemProxy */ = {
			isa = PBXContainerItemProxy;
			containerPortal = 906BF4DE2562C3E2003D5DC6 /* Project object */;
			proxyType = 1;
			remoteGlobalIDString = 906BF4E52562C3E2003D5DC6;
			remoteInfo = WeatherApp;
		};
/* End PBXContainerItemProxy section */

/* Begin PBXFileReference section */
		0AA85DF259CD7347B231AB2A /* Pods-WeatherAppTests.release.xcconfig */ = {isa = PBXFileReference; includeInIndex = 1; lastKnownFileType = text.xcconfig; name = "Pods-WeatherAppTests.release.xcconfig"; path = "Target Support Files/Pods-WeatherAppTests/Pods-WeatherAppTests.release.xcconfig"; sourceTree = "<group>"; };
		3F5E524AE2A9BC053E303185 /* Pods_WeatherApp.framework */ = {isa = PBXFileReference; explicitFileType = wrapper.framework; includeInIndex = 0; path = Pods_WeatherApp.framework; sourceTree = BUILT_PRODUCTS_DIR; };
		906BF4E62562C3E2003D5DC6 /* WeatherApp.app */ = {isa = PBXFileReference; explicitFileType = wrapper.application; includeInIndex = 0; path = WeatherApp.app; sourceTree = BUILT_PRODUCTS_DIR; };
		906BF4E92562C3E2003D5DC6 /* AppDelegate.swift */ = {isa = PBXFileReference; lastKnownFileType = sourcecode.swift; path = AppDelegate.swift; sourceTree = "<group>"; };
		906BF4ED2562C3E2003D5DC6 /* WeatherListViewController.swift */ = {isa = PBXFileReference; lastKnownFileType = sourcecode.swift; path = WeatherListViewController.swift; sourceTree = "<group>"; };
		906BF4F02562C3E2003D5DC6 /* Base */ = {isa = PBXFileReference; lastKnownFileType = file.storyboard; name = Base; path = Base.lproj/Main.storyboard; sourceTree = "<group>"; };
		906BF4F22562C3E3003D5DC6 /* Assets.xcassets */ = {isa = PBXFileReference; lastKnownFileType = folder.assetcatalog; path = Assets.xcassets; sourceTree = "<group>"; };
		906BF4F52562C3E3003D5DC6 /* Base */ = {isa = PBXFileReference; lastKnownFileType = file.storyboard; name = Base; path = Base.lproj/LaunchScreen.storyboard; sourceTree = "<group>"; };
		906BF4F72562C3E3003D5DC6 /* Info.plist */ = {isa = PBXFileReference; lastKnownFileType = text.plist.xml; path = Info.plist; sourceTree = "<group>"; };
		906BF4FC2562C3E3003D5DC6 /* WeatherAppTests.xctest */ = {isa = PBXFileReference; explicitFileType = wrapper.cfbundle; includeInIndex = 0; path = WeatherAppTests.xctest; sourceTree = BUILT_PRODUCTS_DIR; };
		906BF5002562C3E3003D5DC6 /* WeatherAppTests.swift */ = {isa = PBXFileReference; lastKnownFileType = sourcecode.swift; path = WeatherAppTests.swift; sourceTree = "<group>"; };
		906BF5022562C3E3003D5DC6 /* Info.plist */ = {isa = PBXFileReference; lastKnownFileType = text.plist.xml; path = Info.plist; sourceTree = "<group>"; };
		906BF52F2562C560003D5DC6 /* NetworkManager.swift */ = {isa = PBXFileReference; fileEncoding = 4; lastKnownFileType = sourcecode.swift; path = NetworkManager.swift; sourceTree = "<group>"; };
		906BF5312562C560003D5DC6 /* AppEndPoint.swift */ = {isa = PBXFileReference; fileEncoding = 4; lastKnownFileType = sourcecode.swift; path = AppEndPoint.swift; sourceTree = "<group>"; };
		906BF5372562C593003D5DC6 /* AppKeys.swift */ = {isa = PBXFileReference; fileEncoding = 4; lastKnownFileType = sourcecode.swift; path = AppKeys.swift; sourceTree = "<group>"; };
		906BF54A2562CC7A003D5DC6 /* SelectLocationViewController.swift */ = {isa = PBXFileReference; lastKnownFileType = sourcecode.swift; path = SelectLocationViewController.swift; sourceTree = "<group>"; };
		906BF56A2562CD60003D5DC6 /* NSObject+Extensions.swift */ = {isa = PBXFileReference; fileEncoding = 4; lastKnownFileType = sourcecode.swift; path = "NSObject+Extensions.swift"; sourceTree = "<group>"; };
		906BF57D2562E6D2003D5DC6 /* MapPin.swift */ = {isa = PBXFileReference; fileEncoding = 4; lastKnownFileType = sourcecode.swift; path = MapPin.swift; sourceTree = "<group>"; };
		906BF5862562F2B6003D5DC6 /* LocationTableViewCell.swift */ = {isa = PBXFileReference; lastKnownFileType = sourcecode.swift; path = LocationTableViewCell.swift; sourceTree = "<group>"; };
		906BF5872562F2B6003D5DC6 /* LocationTableViewCell.xib */ = {isa = PBXFileReference; lastKnownFileType = file.xib; path = LocationTableViewCell.xib; sourceTree = "<group>"; };
		906BF58C2562F2DD003D5DC6 /* UITableView+Operations.swift */ = {isa = PBXFileReference; fileEncoding = 4; lastKnownFileType = sourcecode.swift; path = "UITableView+Operations.swift"; sourceTree = "<group>"; };
		906BF58D2562F2DD003D5DC6 /* UITableViewCell+Extension.swift */ = {isa = PBXFileReference; fileEncoding = 4; lastKnownFileType = sourcecode.swift; path = "UITableViewCell+Extension.swift"; sourceTree = "<group>"; };
		906BF5922562F2F5003D5DC6 /* UITableViewHeader+Extension.swift */ = {isa = PBXFileReference; fileEncoding = 4; lastKnownFileType = sourcecode.swift; path = "UITableViewHeader+Extension.swift"; sourceTree = "<group>"; };
		906BF5962562F666003D5DC6 /* UIView+Extension.swift */ = {isa = PBXFileReference; lastKnownFileType = sourcecode.swift; path = "UIView+Extension.swift"; sourceTree = "<group>"; };
		906BF59A2562FA41003D5DC6 /* Extension+String.swift */ = {isa = PBXFileReference; fileEncoding = 4; lastKnownFileType = sourcecode.swift; path = "Extension+String.swift"; sourceTree = "<group>"; };
		9C3E18FE66968471415F5015 /* Pods-WeatherApp.debug.xcconfig */ = {isa = PBXFileReference; includeInIndex = 1; lastKnownFileType = text.xcconfig; name = "Pods-WeatherApp.debug.xcconfig"; path = "Target Support Files/Pods-WeatherApp/Pods-WeatherApp.debug.xcconfig"; sourceTree = "<group>"; };
		BD164779FE279D378F3477EF /* Pods_WeatherAppTests.framework */ = {isa = PBXFileReference; explicitFileType = wrapper.framework; includeInIndex = 0; path = Pods_WeatherAppTests.framework; sourceTree = BUILT_PRODUCTS_DIR; };
		DE02256DA31587D22FAD8D8E /* Pods-WeatherApp.release.xcconfig */ = {isa = PBXFileReference; includeInIndex = 1; lastKnownFileType = text.xcconfig; name = "Pods-WeatherApp.release.xcconfig"; path = "Target Support Files/Pods-WeatherApp/Pods-WeatherApp.release.xcconfig"; sourceTree = "<group>"; };
		F5482ECD267CEA8F1261580C /* Pods-WeatherAppTests.debug.xcconfig */ = {isa = PBXFileReference; includeInIndex = 1; lastKnownFileType = text.xcconfig; name = "Pods-WeatherAppTests.debug.xcconfig"; path = "Target Support Files/Pods-WeatherAppTests/Pods-WeatherAppTests.debug.xcconfig"; sourceTree = "<group>"; };
/* End PBXFileReference section */

/* Begin PBXFrameworksBuildPhase section */
		906BF4E32562C3E2003D5DC6 /* Frameworks */ = {
			isa = PBXFrameworksBuildPhase;
			buildActionMask = 2147483647;
			files = (
				B8E36822C59C3B105E0AF028 /* Pods_WeatherApp.framework in Frameworks */,
			);
			runOnlyForDeploymentPostprocessing = 0;
		};
		906BF4F92562C3E3003D5DC6 /* Frameworks */ = {
			isa = PBXFrameworksBuildPhase;
			buildActionMask = 2147483647;
			files = (
				3996F9CFCC8A6D1F08AEE660 /* Pods_WeatherAppTests.framework in Frameworks */,
			);
			runOnlyForDeploymentPostprocessing = 0;
		};
/* End PBXFrameworksBuildPhase section */

/* Begin PBXGroup section */
		19B5ACA42FB1072498074C41 /* Frameworks */ = {
			isa = PBXGroup;
			children = (
				3F5E524AE2A9BC053E303185 /* Pods_WeatherApp.framework */,
				BD164779FE279D378F3477EF /* Pods_WeatherAppTests.framework */,
			);
			name = Frameworks;
			sourceTree = "<group>";
		};
		906BF4DD2562C3E2003D5DC6 = {
			isa = PBXGroup;
			children = (
				906BF4E82562C3E2003D5DC6 /* WeatherApp */,
				906BF4FF2562C3E3003D5DC6 /* WeatherAppTests */,
				906BF4E72562C3E2003D5DC6 /* Products */,
				AB0248C18CD6440FC79C9B95 /* Pods */,
				19B5ACA42FB1072498074C41 /* Frameworks */,
			);
			sourceTree = "<group>";
		};
		906BF4E72562C3E2003D5DC6 /* Products */ = {
			isa = PBXGroup;
			children = (
				906BF4E62562C3E2003D5DC6 /* WeatherApp.app */,
				906BF4FC2562C3E3003D5DC6 /* WeatherAppTests.xctest */,
			);
			name = Products;
			sourceTree = "<group>";
		};
		906BF4E82562C3E2003D5DC6 /* WeatherApp */ = {
			isa = PBXGroup;
			children = (
				906BF57C2562E6D2003D5DC6 /* Model */,
				906BF5512562CD1D003D5DC6 /* Extensions */,
				906BF54E2562CCCE003D5DC6 /* View */,
				906BF5412562C97E003D5DC6 /* AppConfiguration */,
				906BF5402562C95B003D5DC6 /* Resources */,
				906BF5362562C593003D5DC6 /* AppConstants */,
				906BF52D2562C560003D5DC6 /* NetworkLayer */,
			);
			path = WeatherApp;
			sourceTree = "<group>";
		};
		906BF4FF2562C3E3003D5DC6 /* WeatherAppTests */ = {
			isa = PBXGroup;
			children = (
				906BF5002562C3E3003D5DC6 /* WeatherAppTests.swift */,
				906BF5022562C3E3003D5DC6 /* Info.plist */,
			);
			path = WeatherAppTests;
			sourceTree = "<group>";
		};
		906BF52D2562C560003D5DC6 /* NetworkLayer */ = {
			isa = PBXGroup;
			children = (
				906BF52E2562C560003D5DC6 /* Manager */,
				906BF5302562C560003D5DC6 /* EndPoint */,
			);
			path = NetworkLayer;
			sourceTree = "<group>";
		};
		906BF52E2562C560003D5DC6 /* Manager */ = {
			isa = PBXGroup;
			children = (
				906BF52F2562C560003D5DC6 /* NetworkManager.swift */,
			);
			path = Manager;
			sourceTree = "<group>";
		};
		906BF5302562C560003D5DC6 /* EndPoint */ = {
			isa = PBXGroup;
			children = (
				906BF5312562C560003D5DC6 /* AppEndPoint.swift */,
			);
			path = EndPoint;
			sourceTree = "<group>";
		};
		906BF5362562C593003D5DC6 /* AppConstants */ = {
			isa = PBXGroup;
			children = (
				906BF5372562C593003D5DC6 /* AppKeys.swift */,
			);
			path = AppConstants;
			sourceTree = "<group>";
		};
		906BF53D2562C92D003D5DC6 /* Controllers */ = {
			isa = PBXGroup;
			children = (
				906BF4ED2562C3E2003D5DC6 /* WeatherListViewController.swift */,
				906BF54A2562CC7A003D5DC6 /* SelectLocationViewController.swift */,
			);
			path = Controllers;
			sourceTree = "<group>";
		};
		906BF5402562C95B003D5DC6 /* Resources */ = {
			isa = PBXGroup;
			children = (
				906BF4EF2562C3E2003D5DC6 /* Main.storyboard */,
				906BF4F22562C3E3003D5DC6 /* Assets.xcassets */,
				906BF4F42562C3E3003D5DC6 /* LaunchScreen.storyboard */,
			);
			path = Resources;
			sourceTree = "<group>";
		};
		906BF5412562C97E003D5DC6 /* AppConfiguration */ = {
			isa = PBXGroup;
			children = (
				906BF4E92562C3E2003D5DC6 /* AppDelegate.swift */,
				906BF4F72562C3E3003D5DC6 /* Info.plist */,
			);
			path = AppConfiguration;
			sourceTree = "<group>";
		};
		906BF54E2562CCCE003D5DC6 /* View */ = {
			isa = PBXGroup;
			children = (
				906BF5832562F0DA003D5DC6 /* CustomCell */,
				906BF53D2562C92D003D5DC6 /* Controllers */,
			);
			path = View;
			sourceTree = "<group>";
		};
		906BF5512562CD1D003D5DC6 /* Extensions */ = {
			isa = PBXGroup;
			children = (
				906BF59A2562FA41003D5DC6 /* Extension+String.swift */,
				906BF5922562F2F5003D5DC6 /* UITableViewHeader+Extension.swift */,
				906BF58C2562F2DD003D5DC6 /* UITableView+Operations.swift */,
				906BF58D2562F2DD003D5DC6 /* UITableViewCell+Extension.swift */,
				906BF56A2562CD60003D5DC6 /* NSObject+Extensions.swift */,
				906BF5962562F666003D5DC6 /* UIView+Extension.swift */,
			);
			path = Extensions;
			sourceTree = "<group>";
		};
		906BF57C2562E6D2003D5DC6 /* Model */ = {
			isa = PBXGroup;
			children = (
				906BF57D2562E6D2003D5DC6 /* MapPin.swift */,
			);
			path = Model;
			sourceTree = "<group>";
		};
		906BF5832562F0DA003D5DC6 /* CustomCell */ = {
			isa = PBXGroup;
			children = (
				906BF5862562F2B6003D5DC6 /* LocationTableViewCell.swift */,
				906BF5872562F2B6003D5DC6 /* LocationTableViewCell.xib */,
			);
			path = CustomCell;
			sourceTree = "<group>";
		};
		AB0248C18CD6440FC79C9B95 /* Pods */ = {
			isa = PBXGroup;
			children = (
				9C3E18FE66968471415F5015 /* Pods-WeatherApp.debug.xcconfig */,
				DE02256DA31587D22FAD8D8E /* Pods-WeatherApp.release.xcconfig */,
				F5482ECD267CEA8F1261580C /* Pods-WeatherAppTests.debug.xcconfig */,
				0AA85DF259CD7347B231AB2A /* Pods-WeatherAppTests.release.xcconfig */,
			);
			path = Pods;
			sourceTree = "<group>";
		};
/* End PBXGroup section */

/* Begin PBXNativeTarget section */
		906BF4E52562C3E2003D5DC6 /* WeatherApp */ = {
			isa = PBXNativeTarget;
			buildConfigurationList = 906BF5102562C3E3003D5DC6 /* Build configuration list for PBXNativeTarget "WeatherApp" */;
			buildPhases = (
				8D4DAB82F23A38C5D1070A47 /* [CP] Check Pods Manifest.lock */,
				906BF4E22562C3E2003D5DC6 /* Sources */,
				906BF4E32562C3E2003D5DC6 /* Frameworks */,
				906BF4E42562C3E2003D5DC6 /* Resources */,
			);
			buildRules = (
			);
			dependencies = (
			);
			name = WeatherApp;
			productName = WeatherApp;
			productReference = 906BF4E62562C3E2003D5DC6 /* WeatherApp.app */;
			productType = "com.apple.product-type.application";
		};
		906BF4FB2562C3E3003D5DC6 /* WeatherAppTests */ = {
			isa = PBXNativeTarget;
			buildConfigurationList = 906BF5132562C3E3003D5DC6 /* Build configuration list for PBXNativeTarget "WeatherAppTests" */;
			buildPhases = (
				CC415AE7F8D31D85F318430D /* [CP] Check Pods Manifest.lock */,
				906BF4F82562C3E3003D5DC6 /* Sources */,
				906BF4F92562C3E3003D5DC6 /* Frameworks */,
				906BF4FA2562C3E3003D5DC6 /* Resources */,
			);
			buildRules = (
			);
			dependencies = (
				906BF4FE2562C3E3003D5DC6 /* PBXTargetDependency */,
			);
			name = WeatherAppTests;
			productName = WeatherAppTests;
			productReference = 906BF4FC2562C3E3003D5DC6 /* WeatherAppTests.xctest */;
			productType = "com.apple.product-type.bundle.unit-test";
		};
/* End PBXNativeTarget section */

/* Begin PBXProject section */
		906BF4DE2562C3E2003D5DC6 /* Project object */ = {
			isa = PBXProject;
			attributes = {
				LastSwiftUpdateCheck = 1220;
				LastUpgradeCheck = 1220;
				TargetAttributes = {
					906BF4E52562C3E2003D5DC6 = {
						CreatedOnToolsVersion = 12.2;
					};
					906BF4FB2562C3E3003D5DC6 = {
						CreatedOnToolsVersion = 12.2;
						TestTargetID = 906BF4E52562C3E2003D5DC6;
					};
				};
			};
			buildConfigurationList = 906BF4E12562C3E2003D5DC6 /* Build configuration list for PBXProject "WeatherApp" */;
			compatibilityVersion = "Xcode 9.3";
			developmentRegion = en;
			hasScannedForEncodings = 0;
			knownRegions = (
				en,
				Base,
			);
			mainGroup = 906BF4DD2562C3E2003D5DC6;
			productRefGroup = 906BF4E72562C3E2003D5DC6 /* Products */;
			projectDirPath = "";
			projectRoot = "";
			targets = (
				906BF4E52562C3E2003D5DC6 /* WeatherApp */,
				906BF4FB2562C3E3003D5DC6 /* WeatherAppTests */,
			);
		};
/* End PBXProject section */

/* Begin PBXResourcesBuildPhase section */
		906BF4E42562C3E2003D5DC6 /* Resources */ = {
			isa = PBXResourcesBuildPhase;
			buildActionMask = 2147483647;
			files = (
				906BF4F62562C3E3003D5DC6 /* LaunchScreen.storyboard in Resources */,
				906BF4F32562C3E3003D5DC6 /* Assets.xcassets in Resources */,
				906BF5892562F2B6003D5DC6 /* LocationTableViewCell.xib in Resources */,
				906BF4F12562C3E2003D5DC6 /* Main.storyboard in Resources */,
			);
			runOnlyForDeploymentPostprocessing = 0;
		};
		906BF4FA2562C3E3003D5DC6 /* Resources */ = {
			isa = PBXResourcesBuildPhase;
			buildActionMask = 2147483647;
			files = (
			);
			runOnlyForDeploymentPostprocessing = 0;
		};
/* End PBXResourcesBuildPhase section */

/* Begin PBXShellScriptBuildPhase section */
		8D4DAB82F23A38C5D1070A47 /* [CP] Check Pods Manifest.lock */ = {
			isa = PBXShellScriptBuildPhase;
			buildActionMask = 2147483647;
			files = (
			);
			inputFileListPaths = (
			);
			inputPaths = (
				"${PODS_PODFILE_DIR_PATH}/Podfile.lock",
				"${PODS_ROOT}/Manifest.lock",
			);
			name = "[CP] Check Pods Manifest.lock";
			outputFileListPaths = (
			);
			outputPaths = (
				"$(DERIVED_FILE_DIR)/Pods-WeatherApp-checkManifestLockResult.txt",
			);
			runOnlyForDeploymentPostprocessing = 0;
			shellPath = /bin/sh;
			shellScript = "diff \"${PODS_PODFILE_DIR_PATH}/Podfile.lock\" \"${PODS_ROOT}/Manifest.lock\" > /dev/null\nif [ $? != 0 ] ; then\n    # print error to STDERR\n    echo \"error: The sandbox is not in sync with the Podfile.lock. Run 'pod install' or update your CocoaPods installation.\" >&2\n    exit 1\nfi\n# This output is used by Xcode 'outputs' to avoid re-running this script phase.\necho \"SUCCESS\" > \"${SCRIPT_OUTPUT_FILE_0}\"\n";
			showEnvVarsInLog = 0;
		};
		CC415AE7F8D31D85F318430D /* [CP] Check Pods Manifest.lock */ = {
			isa = PBXShellScriptBuildPhase;
			buildActionMask = 2147483647;
			files = (
			);
			inputFileListPaths = (
			);
			inputPaths = (
				"${PODS_PODFILE_DIR_PATH}/Podfile.lock",
				"${PODS_ROOT}/Manifest.lock",
			);
			name = "[CP] Check Pods Manifest.lock";
			outputFileListPaths = (
			);
			outputPaths = (
				"$(DERIVED_FILE_DIR)/Pods-WeatherAppTests-checkManifestLockResult.txt",
			);
			runOnlyForDeploymentPostprocessing = 0;
			shellPath = /bin/sh;
			shellScript = "diff \"${PODS_PODFILE_DIR_PATH}/Podfile.lock\" \"${PODS_ROOT}/Manifest.lock\" > /dev/null\nif [ $? != 0 ] ; then\n    # print error to STDERR\n    echo \"error: The sandbox is not in sync with the Podfile.lock. Run 'pod install' or update your CocoaPods installation.\" >&2\n    exit 1\nfi\n# This output is used by Xcode 'outputs' to avoid re-running this script phase.\necho \"SUCCESS\" > \"${SCRIPT_OUTPUT_FILE_0}\"\n";
			showEnvVarsInLog = 0;
		};
/* End PBXShellScriptBuildPhase section */

/* Begin PBXSourcesBuildPhase section */
		906BF4E22562C3E2003D5DC6 /* Sources */ = {
			isa = PBXSourcesBuildPhase;
			buildActionMask = 2147483647;
			files = (
				906BF5322562C560003D5DC6 /* NetworkManager.swift in Sources */,
				906BF5972562F666003D5DC6 /* UIView+Extension.swift in Sources */,
				906BF4EE2562C3E2003D5DC6 /* WeatherListViewController.swift in Sources */,
				906BF56B2562CD60003D5DC6 /* NSObject+Extensions.swift in Sources */,
				906BF58E2562F2DD003D5DC6 /* UITableView+Operations.swift in Sources */,
				906BF5882562F2B6003D5DC6 /* LocationTableViewCell.swift in Sources */,
				906BF5332562C560003D5DC6 /* AppEndPoint.swift in Sources */,
				906BF58F2562F2DD003D5DC6 /* UITableViewCell+Extension.swift in Sources */,
				906BF59B2562FA41003D5DC6 /* Extension+String.swift in Sources */,
				906BF57E2562E6D2003D5DC6 /* MapPin.swift in Sources */,
				906BF5382562C593003D5DC6 /* AppKeys.swift in Sources */,
				906BF4EA2562C3E2003D5DC6 /* AppDelegate.swift in Sources */,
				906BF5932562F2F5003D5DC6 /* UITableViewHeader+Extension.swift in Sources */,
				906BF54B2562CC7A003D5DC6 /* SelectLocationViewController.swift in Sources */,
			);
			runOnlyForDeploymentPostprocessing = 0;
		};
		906BF4F82562C3E3003D5DC6 /* Sources */ = {
			isa = PBXSourcesBuildPhase;
			buildActionMask = 2147483647;
			files = (
				906BF5012562C3E3003D5DC6 /* WeatherAppTests.swift in Sources */,
			);
			runOnlyForDeploymentPostprocessing = 0;
		};
/* End PBXSourcesBuildPhase section */

/* Begin PBXTargetDependency section */
		906BF4FE2562C3E3003D5DC6 /* PBXTargetDependency */ = {
			isa = PBXTargetDependency;
			target = 906BF4E52562C3E2003D5DC6 /* WeatherApp */;
			targetProxy = 906BF4FD2562C3E3003D5DC6 /* PBXContainerItemProxy */;
		};
/* End PBXTargetDependency section */

/* Begin PBXVariantGroup section */
		906BF4EF2562C3E2003D5DC6 /* Main.storyboard */ = {
			isa = PBXVariantGroup;
			children = (
				906BF4F02562C3E2003D5DC6 /* Base */,
			);
			name = Main.storyboard;
			sourceTree = "<group>";
		};
		906BF4F42562C3E3003D5DC6 /* LaunchScreen.storyboard */ = {
			isa = PBXVariantGroup;
			children = (
				906BF4F52562C3E3003D5DC6 /* Base */,
			);
			name = LaunchScreen.storyboard;
			sourceTree = "<group>";
		};
/* End PBXVariantGroup section */

/* Begin XCBuildConfiguration section */
		906BF50E2562C3E3003D5DC6 /* Debug */ = {
			isa = XCBuildConfiguration;
			buildSettings = {
				ALWAYS_SEARCH_USER_PATHS = NO;
				CLANG_ANALYZER_NONNULL = YES;
				CLANG_ANALYZER_NUMBER_OBJECT_CONVERSION = YES_AGGRESSIVE;
				CLANG_CXX_LANGUAGE_STANDARD = "gnu++14";
				CLANG_CXX_LIBRARY = "libc++";
				CLANG_ENABLE_MODULES = YES;
				CLANG_ENABLE_OBJC_ARC = YES;
				CLANG_ENABLE_OBJC_WEAK = YES;
				CLANG_WARN_BLOCK_CAPTURE_AUTORELEASING = YES;
				CLANG_WARN_BOOL_CONVERSION = YES;
				CLANG_WARN_COMMA = YES;
				CLANG_WARN_CONSTANT_CONVERSION = YES;
				CLANG_WARN_DEPRECATED_OBJC_IMPLEMENTATIONS = YES;
				CLANG_WARN_DIRECT_OBJC_ISA_USAGE = YES_ERROR;
				CLANG_WARN_DOCUMENTATION_COMMENTS = YES;
				CLANG_WARN_EMPTY_BODY = YES;
				CLANG_WARN_ENUM_CONVERSION = YES;
				CLANG_WARN_INFINITE_RECURSION = YES;
				CLANG_WARN_INT_CONVERSION = YES;
				CLANG_WARN_NON_LITERAL_NULL_CONVERSION = YES;
				CLANG_WARN_OBJC_IMPLICIT_RETAIN_SELF = YES;
				CLANG_WARN_OBJC_LITERAL_CONVERSION = YES;
				CLANG_WARN_OBJC_ROOT_CLASS = YES_ERROR;
				CLANG_WARN_QUOTED_INCLUDE_IN_FRAMEWORK_HEADER = YES;
				CLANG_WARN_RANGE_LOOP_ANALYSIS = YES;
				CLANG_WARN_STRICT_PROTOTYPES = YES;
				CLANG_WARN_SUSPICIOUS_MOVE = YES;
				CLANG_WARN_UNGUARDED_AVAILABILITY = YES_AGGRESSIVE;
				CLANG_WARN_UNREACHABLE_CODE = YES;
				CLANG_WARN__DUPLICATE_METHOD_MATCH = YES;
				COPY_PHASE_STRIP = NO;
				DEBUG_INFORMATION_FORMAT = dwarf;
				ENABLE_STRICT_OBJC_MSGSEND = YES;
				ENABLE_TESTABILITY = YES;
				GCC_C_LANGUAGE_STANDARD = gnu11;
				GCC_DYNAMIC_NO_PIC = NO;
				GCC_NO_COMMON_BLOCKS = YES;
				GCC_OPTIMIZATION_LEVEL = 0;
				GCC_PREPROCESSOR_DEFINITIONS = (
					"DEBUG=1",
					"$(inherited)",
				);
				GCC_WARN_64_TO_32_BIT_CONVERSION = YES;
				GCC_WARN_ABOUT_RETURN_TYPE = YES_ERROR;
				GCC_WARN_UNDECLARED_SELECTOR = YES;
				GCC_WARN_UNINITIALIZED_AUTOS = YES_AGGRESSIVE;
				GCC_WARN_UNUSED_FUNCTION = YES;
				GCC_WARN_UNUSED_VARIABLE = YES;
				IPHONEOS_DEPLOYMENT_TARGET = 14.2;
				MTL_ENABLE_DEBUG_INFO = INCLUDE_SOURCE;
				MTL_FAST_MATH = YES;
				ONLY_ACTIVE_ARCH = YES;
				SDKROOT = iphoneos;
				SWIFT_ACTIVE_COMPILATION_CONDITIONS = DEBUG;
				SWIFT_OPTIMIZATION_LEVEL = "-Onone";
			};
			name = Debug;
		};
		906BF50F2562C3E3003D5DC6 /* Release */ = {
			isa = XCBuildConfiguration;
			buildSettings = {
				ALWAYS_SEARCH_USER_PATHS = NO;
				CLANG_ANALYZER_NONNULL = YES;
				CLANG_ANALYZER_NUMBER_OBJECT_CONVERSION = YES_AGGRESSIVE;
				CLANG_CXX_LANGUAGE_STANDARD = "gnu++14";
				CLANG_CXX_LIBRARY = "libc++";
				CLANG_ENABLE_MODULES = YES;
				CLANG_ENABLE_OBJC_ARC = YES;
				CLANG_ENABLE_OBJC_WEAK = YES;
				CLANG_WARN_BLOCK_CAPTURE_AUTORELEASING = YES;
				CLANG_WARN_BOOL_CONVERSION = YES;
				CLANG_WARN_COMMA = YES;
				CLANG_WARN_CONSTANT_CONVERSION = YES;
				CLANG_WARN_DEPRECATED_OBJC_IMPLEMENTATIONS = YES;
				CLANG_WARN_DIRECT_OBJC_ISA_USAGE = YES_ERROR;
				CLANG_WARN_DOCUMENTATION_COMMENTS = YES;
				CLANG_WARN_EMPTY_BODY = YES;
				CLANG_WARN_ENUM_CONVERSION = YES;
				CLANG_WARN_INFINITE_RECURSION = YES;
				CLANG_WARN_INT_CONVERSION = YES;
				CLANG_WARN_NON_LITERAL_NULL_CONVERSION = YES;
				CLANG_WARN_OBJC_IMPLICIT_RETAIN_SELF = YES;
				CLANG_WARN_OBJC_LITERAL_CONVERSION = YES;
				CLANG_WARN_OBJC_ROOT_CLASS = YES_ERROR;
				CLANG_WARN_QUOTED_INCLUDE_IN_FRAMEWORK_HEADER = YES;
				CLANG_WARN_RANGE_LOOP_ANALYSIS = YES;
				CLANG_WARN_STRICT_PROTOTYPES = YES;
				CLANG_WARN_SUSPICIOUS_MOVE = YES;
				CLANG_WARN_UNGUARDED_AVAILABILITY = YES_AGGRESSIVE;
				CLANG_WARN_UNREACHABLE_CODE = YES;
				CLANG_WARN__DUPLICATE_METHOD_MATCH = YES;
				COPY_PHASE_STRIP = NO;
				DEBUG_INFORMATION_FORMAT = "dwarf-with-dsym";
				ENABLE_NS_ASSERTIONS = NO;
				ENABLE_STRICT_OBJC_MSGSEND = YES;
				GCC_C_LANGUAGE_STANDARD = gnu11;
				GCC_NO_COMMON_BLOCKS = YES;
				GCC_WARN_64_TO_32_BIT_CONVERSION = YES;
				GCC_WARN_ABOUT_RETURN_TYPE = YES_ERROR;
				GCC_WARN_UNDECLARED_SELECTOR = YES;
				GCC_WARN_UNINITIALIZED_AUTOS = YES_AGGRESSIVE;
				GCC_WARN_UNUSED_FUNCTION = YES;
				GCC_WARN_UNUSED_VARIABLE = YES;
				IPHONEOS_DEPLOYMENT_TARGET = 14.2;
				MTL_ENABLE_DEBUG_INFO = NO;
				MTL_FAST_MATH = YES;
				SDKROOT = iphoneos;
				SWIFT_COMPILATION_MODE = wholemodule;
				SWIFT_OPTIMIZATION_LEVEL = "-O";
				VALIDATE_PRODUCT = YES;
			};
			name = Release;
		};
		906BF5112562C3E3003D5DC6 /* Debug */ = {
			isa = XCBuildConfiguration;
			baseConfigurationReference = 9C3E18FE66968471415F5015 /* Pods-WeatherApp.debug.xcconfig */;
			buildSettings = {
				ASSETCATALOG_COMPILER_APPICON_NAME = AppIcon;
				ASSETCATALOG_COMPILER_GLOBAL_ACCENT_COLOR_NAME = AccentColor;
				CODE_SIGN_STYLE = Automatic;
				INFOPLIST_FILE = "$(SRCROOT)/WeatherApp/AppConfiguration/Info.plist";
				LD_RUNPATH_SEARCH_PATHS = (
					"$(inherited)",
					"@executable_path/Frameworks",
				);
				PRODUCT_BUNDLE_IDENTIFIER = WeatherApp.WeatherApp;
				PRODUCT_NAME = "$(TARGET_NAME)";
				SWIFT_VERSION = 5.0;
				TARGETED_DEVICE_FAMILY = "1,2";
			};
			name = Debug;
		};
		906BF5122562C3E3003D5DC6 /* Release */ = {
			isa = XCBuildConfiguration;
			baseConfigurationReference = DE02256DA31587D22FAD8D8E /* Pods-WeatherApp.release.xcconfig */;
			buildSettings = {
				ASSETCATALOG_COMPILER_APPICON_NAME = AppIcon;
				ASSETCATALOG_COMPILER_GLOBAL_ACCENT_COLOR_NAME = AccentColor;
				CODE_SIGN_STYLE = Automatic;
				INFOPLIST_FILE = "$(SRCROOT)/WeatherApp/AppConfiguration/Info.plist";
				LD_RUNPATH_SEARCH_PATHS = (
					"$(inherited)",
					"@executable_path/Frameworks",
				);
				PRODUCT_BUNDLE_IDENTIFIER = WeatherApp.WeatherApp;
				PRODUCT_NAME = "$(TARGET_NAME)";
				SWIFT_VERSION = 5.0;
				TARGETED_DEVICE_FAMILY = "1,2";
			};
			name = Release;
		};
		906BF5142562C3E3003D5DC6 /* Debug */ = {
			isa = XCBuildConfiguration;
			baseConfigurationReference = F5482ECD267CEA8F1261580C /* Pods-WeatherAppTests.debug.xcconfig */;
			buildSettings = {
				ALWAYS_EMBED_SWIFT_STANDARD_LIBRARIES = YES;
				BUNDLE_LOADER = "$(TEST_HOST)";
				CODE_SIGN_STYLE = Automatic;
				INFOPLIST_FILE = WeatherAppTests/Info.plist;
				IPHONEOS_DEPLOYMENT_TARGET = 14.2;
				LD_RUNPATH_SEARCH_PATHS = (
					"$(inherited)",
					"@executable_path/Frameworks",
					"@loader_path/Frameworks",
				);
				PRODUCT_BUNDLE_IDENTIFIER = WeatherApp.WeatherAppTests;
				PRODUCT_NAME = "$(TARGET_NAME)";
				SWIFT_VERSION = 5.0;
				TARGETED_DEVICE_FAMILY = "1,2";
				TEST_HOST = "$(BUILT_PRODUCTS_DIR)/WeatherApp.app/WeatherApp";
			};
			name = Debug;
		};
		906BF5152562C3E3003D5DC6 /* Release */ = {
			isa = XCBuildConfiguration;
			baseConfigurationReference = 0AA85DF259CD7347B231AB2A /* Pods-WeatherAppTests.release.xcconfig */;
			buildSettings = {
				ALWAYS_EMBED_SWIFT_STANDARD_LIBRARIES = YES;
				BUNDLE_LOADER = "$(TEST_HOST)";
				CODE_SIGN_STYLE = Automatic;
				INFOPLIST_FILE = WeatherAppTests/Info.plist;
				IPHONEOS_DEPLOYMENT_TARGET = 14.2;
				LD_RUNPATH_SEARCH_PATHS = (
					"$(inherited)",
					"@executable_path/Frameworks",
					"@loader_path/Frameworks",
				);
				PRODUCT_BUNDLE_IDENTIFIER = WeatherApp.WeatherAppTests;
				PRODUCT_NAME = "$(TARGET_NAME)";
				SWIFT_VERSION = 5.0;
				TARGETED_DEVICE_FAMILY = "1,2";
				TEST_HOST = "$(BUILT_PRODUCTS_DIR)/WeatherApp.app/WeatherApp";
			};
			name = Release;
		};
/* End XCBuildConfiguration section */

/* Begin XCConfigurationList section */
		906BF4E12562C3E2003D5DC6 /* Build configuration list for PBXProject "WeatherApp" */ = {
			isa = XCConfigurationList;
			buildConfigurations = (
				906BF50E2562C3E3003D5DC6 /* Debug */,
				906BF50F2562C3E3003D5DC6 /* Release */,
			);
			defaultConfigurationIsVisible = 0;
			defaultConfigurationName = Release;
		};
		906BF5102562C3E3003D5DC6 /* Build configuration list for PBXNativeTarget "WeatherApp" */ = {
			isa = XCConfigurationList;
			buildConfigurations = (
				906BF5112562C3E3003D5DC6 /* Debug */,
				906BF5122562C3E3003D5DC6 /* Release */,
			);
			defaultConfigurationIsVisible = 0;
			defaultConfigurationName = Release;
		};
		906BF5132562C3E3003D5DC6 /* Build configuration list for PBXNativeTarget "WeatherAppTests" */ = {
			isa = XCConfigurationList;
			buildConfigurations = (
				906BF5142562C3E3003D5DC6 /* Debug */,
				906BF5152562C3E3003D5DC6 /* Release */,
			);
			defaultConfigurationIsVisible = 0;
			defaultConfigurationName = Release;
		};
/* End XCConfigurationList section */
	};
	rootObject = 906BF4DE2562C3E2003D5DC6 /* Project object */;
}
